
Microsoft Visual Studio Solution File, Format Version 12.00
# Visual Studio 15
VisualStudioVersion = 15.0.27004.2010
MinimumVisualStudioVersion = 10.0.40219.1
Project("{888888A0-9F3D-457C-B088-3A5042F75D52}") = "get_bestpaers", "get_bestpaers\get_bestpaers.pyproj", "{A08BBC7C-CF85-47D8-B4F5-B6EA408195B1}"
EndProject
Global
	GlobalSection(SolutionConfigurationPlatforms) = preSolution
		Debug|Any CPU = Debug|Any CPU
		Release|Any CPU = Release|Any CPU
	EndGlobalSection
	GlobalSection(ProjectConfigurationPlatforms) = postSolution
		{A08BBC7C-CF85-47D8-B4F5-B6EA408195B1}.Debug|Any CPU.ActiveCfg = Debug|Any CPU
		{A08BBC7C-CF85-47D8-B4F5-B6EA408195B1}.Release|Any CPU.ActiveCfg = Release|Any CPU
	EndGlobalSection
	GlobalSection(SolutionProperties) = preSolution
		HideSolutionNode = FALSE
	EndGlobalSection
	GlobalSection(ExtensibilityGlobals) = postSolution
		SolutionGuid = {D5FFD1CD-CCE6-461F-94CE-D7AB55B0178A}
	EndGlobalSection
EndGlobal
